
Microsoft Visual Studio Solution File, Format Version 12.00
# Visual Studio Version 16
VisualStudioVersion = 16.0.29709.97
MinimumVisualStudioVersion = 10.0.40219.1
Project("{9A19103F-16F7-4668-BE54-9A1E7A4F7556}") = "BlazorApp1", "BlazorApp1\BlazorApp1.csproj", "{C1FC55B8-B761-4C8B-B803-B3DB9341A828}"
EndProject
Global
	GlobalSection(SolutionConfigurationPlatforms) = preSolution
		Debug|Any CPU = Debug|Any CPU
		Release|Any CPU = Release|Any CPU
	EndGlobalSection
	GlobalSection(ProjectConfigurationPlatforms) = postSolution
		{C1FC55B8-B761-4C8B-B803-B3DB9341A828}.Debug|Any CPU.ActiveCfg = Debug|Any CPU
		{C1FC55B8-B761-4C8B-B803-B3DB9341A828}.Debug|Any CPU.Build.0 = Debug|Any CPU
		{C1FC55B8-B761-4C8B-B803-B3DB9341A828}.Release|Any CPU.ActiveCfg = Release|Any CPU
		{C1FC55B8-B761-4C8B-B803-B3DB9341A828}.Release|Any CPU.Build.0 = Release|Any CPU
	EndGlobalSection
	GlobalSection(SolutionProperties) = preSolution
		HideSolutionNode = FALSE
	EndGlobalSection
	GlobalSection(ExtensibilityGlobals) = postSolution
		SolutionGuid = {C23F3DC6-70D8-4E95-8936-5B730DEB92B4}
	EndGlobalSection
EndGlobal
